
Microsoft Visual Studio Solution File, Format Version 12.00
# Visual Studio Version 17
VisualStudioVersion = 17.2.32526.322
MinimumVisualStudioVersion = 10.0.40219.1
Project("{FAE04EC0-301F-11D3-BF4B-00C04F79EFBC}") = "ChatSofa", "ChatSofa\ChatSofa.csproj", "{D2A7FC21-FC38-4E19-9882-F21A9B5D6CAF}"
EndProject
Global
	GlobalSection(SolutionConfigurationPlatforms) = preSolution
		Debug|Any CPU = Debug|Any CPU
		Release|Any CPU = Release|Any CPU
	EndGlobalSection
	GlobalSection(ProjectConfigurationPlatforms) = postSolution
		{D2A7FC21-FC38-4E19-9882-F21A9B5D6CAF}.Debug|Any CPU.ActiveCfg = Debug|Any CPU
		{D2A7FC21-FC38-4E19-9882-F21A9B5D6CAF}.Debug|Any CPU.Build.0 = Debug|Any CPU
		{D2A7FC21-FC38-4E19-9882-F21A9B5D6CAF}.Release|Any CPU.ActiveCfg = Release|Any CPU
		{D2A7FC21-FC38-4E19-9882-F21A9B5D6CAF}.Release|Any CPU.Build.0 = Release|Any CPU
	EndGlobalSection
	GlobalSection(SolutionProperties) = preSolution
		HideSolutionNode = FALSE
	EndGlobalSection
	GlobalSection(ExtensibilityGlobals) = postSolution
		SolutionGuid = {4DB1CCE4-1ABD-4D3E-BFFD-39B26D4F3B22}
	EndGlobalSection
EndGlobal
